
Microsoft Visual Studio Solution File, Format Version 12.00
# Visual Studio Version 17
VisualStudioVersion = 17.4.33110.190
MinimumVisualStudioVersion = 10.0.40219.1
Project("{FAE04EC0-301F-11D3-BF4B-00C04F79EFBC}") = "InventoryStrategy.ConsoleApp", "InventoryStrategy.ConsoleApp\InventoryStrategy.ConsoleApp.csproj", "{5D69FC80-8AED-4FCF-846D-7B843C7D3A3D}"
EndProject
Global
	GlobalSection(SolutionConfigurationPlatforms) = preSolution
		Debug|Any CPU = Debug|Any CPU
		Release|Any CPU = Release|Any CPU
	EndGlobalSection
	GlobalSection(ProjectConfigurationPlatforms) = postSolution
		{5D69FC80-8AED-4FCF-846D-7B843C7D3A3D}.Debug|Any CPU.ActiveCfg = Debug|Any CPU
		{5D69FC80-8AED-4FCF-846D-7B843C7D3A3D}.Debug|Any CPU.Build.0 = Debug|Any CPU
		{5D69FC80-8AED-4FCF-846D-7B843C7D3A3D}.Release|Any CPU.ActiveCfg = Release|Any CPU
		{5D69FC80-8AED-4FCF-846D-7B843C7D3A3D}.Release|Any CPU.Build.0 = Release|Any CPU
	EndGlobalSection
	GlobalSection(SolutionProperties) = preSolution
		HideSolutionNode = FALSE
	EndGlobalSection
	GlobalSection(ExtensibilityGlobals) = postSolution
		SolutionGuid = {4A22AF03-DE35-4E0C-8050-E52299CC88ED}
	EndGlobalSection
EndGlobal
