
Microsoft Visual Studio Solution File, Format Version 12.00
# Visual Studio Version 17
VisualStudioVersion = 17.0.31903.59
MinimumVisualStudioVersion = 10.0.40219.1
Project("{2150E333-8FDC-42A3-9474-1A3956D46DE8}") = "src", "src", "{F743DF7A-0520-4359-8EF1-E074AD3EC993}"
EndProject
Project("{FAE04EC0-301F-11D3-BF4B-00C04F79EFBC}") = "InventoryStrategy", "src\InventoryStrategy\InventoryStrategy.csproj", "{5598B068-80F3-454D-BAB6-C72B85C43D74}"
EndProject
Global
	GlobalSection(SolutionConfigurationPlatforms) = preSolution
		Debug|Any CPU = Debug|Any CPU
		Release|Any CPU = Release|Any CPU
	EndGlobalSection
	GlobalSection(SolutionProperties) = preSolution
		HideSolutionNode = FALSE
	EndGlobalSection
	GlobalSection(ProjectConfigurationPlatforms) = postSolution
		{5598B068-80F3-454D-BAB6-C72B85C43D74}.Debug|Any CPU.ActiveCfg = Debug|Any CPU
		{5598B068-80F3-454D-BAB6-C72B85C43D74}.Debug|Any CPU.Build.0 = Debug|Any CPU
		{5598B068-80F3-454D-BAB6-C72B85C43D74}.Release|Any CPU.ActiveCfg = Release|Any CPU
		{5598B068-80F3-454D-BAB6-C72B85C43D74}.Release|Any CPU.Build.0 = Release|Any CPU
	EndGlobalSection
	GlobalSection(NestedProjects) = preSolution
		{5598B068-80F3-454D-BAB6-C72B85C43D74} = {F743DF7A-0520-4359-8EF1-E074AD3EC993}
	EndGlobalSection
EndGlobal
