
Microsoft Visual Studio Solution File, Format Version 12.00
# Visual Studio Version 17
VisualStudioVersion = 17.7.34302.85
MinimumVisualStudioVersion = 10.0.40219.1
Project("{9A19103F-16F7-4668-BE54-9A1E7A4F7556}") = "InventoryStrategy", "InventoryStrategy\InventoryStrategy.csproj", "{630FBB20-969C-499D-B787-1B370BD37445}"
EndProject
Global
	GlobalSection(SolutionConfigurationPlatforms) = preSolution
		Debug|Any CPU = Debug|Any CPU
		Release|Any CPU = Release|Any CPU
	EndGlobalSection
	GlobalSection(ProjectConfigurationPlatforms) = postSolution
		{630FBB20-969C-499D-B787-1B370BD37445}.Debug|Any CPU.ActiveCfg = Debug|Any CPU
		{630FBB20-969C-499D-B787-1B370BD37445}.Debug|Any CPU.Build.0 = Debug|Any CPU
		{630FBB20-969C-499D-B787-1B370BD37445}.Release|Any CPU.ActiveCfg = Release|Any CPU
		{630FBB20-969C-499D-B787-1B370BD37445}.Release|Any CPU.Build.0 = Release|Any CPU
	EndGlobalSection
	GlobalSection(SolutionProperties) = preSolution
		HideSolutionNode = FALSE
	EndGlobalSection
	GlobalSection(ExtensibilityGlobals) = postSolution
		SolutionGuid = {AF3F0E2C-BA6C-4D36-83A9-2BD68FB8A7C6}
	EndGlobalSection
EndGlobal
